
Microsoft Visual Studio Solution File, Format Version 12.00
# Visual Studio 15
Project("{FAE04EC0-301F-11D3-BF4B-00C04F79EFBC}") = "Assembly-CSharp", "Assembly-CSharp.csproj", "{5350C18F-6C68-99EF-D4FD-982C161F4DD7}"
EndProject
Project("{FAE04EC0-301F-11D3-BF4B-00C04F79EFBC}") = "Assembly-CSharp-Editor", "Assembly-CSharp-Editor.csproj", "{04776D5F-C1AA-CE80-6E4F-C5B1A8D71400}"
EndProject
Global
	GlobalSection(SolutionConfigurationPlatforms) = preSolution
		Debug|Any CPU = Debug|Any CPU
		Release|Any CPU = Release|Any CPU
	EndGlobalSection
	GlobalSection(ProjectConfigurationPlatforms) = postSolution
		{5350C18F-6C68-99EF-D4FD-982C161F4DD7}.Debug|Any CPU.ActiveCfg = Debug|Any CPU
		{5350C18F-6C68-99EF-D4FD-982C161F4DD7}.Debug|Any CPU.Build.0 = Debug|Any CPU
		{5350C18F-6C68-99EF-D4FD-982C161F4DD7}.Release|Any CPU.ActiveCfg = Release|Any CPU
		{5350C18F-6C68-99EF-D4FD-982C161F4DD7}.Release|Any CPU.Build.0 = Release|Any CPU
		{04776D5F-C1AA-CE80-6E4F-C5B1A8D71400}.Debug|Any CPU.ActiveCfg = Debug|Any CPU
		{04776D5F-C1AA-CE80-6E4F-C5B1A8D71400}.Debug|Any CPU.Build.0 = Debug|Any CPU
		{04776D5F-C1AA-CE80-6E4F-C5B1A8D71400}.Release|Any CPU.ActiveCfg = Release|Any CPU
		{04776D5F-C1AA-CE80-6E4F-C5B1A8D71400}.Release|Any CPU.Build.0 = Release|Any CPU
	EndGlobalSection
	GlobalSection(SolutionProperties) = preSolution
		HideSolutionNode = FALSE
	EndGlobalSection
EndGlobal
